
Microsoft Visual Studio Solution File, Format Version 12.00
# Visual Studio Version 17
VisualStudioVersion = 17.6.33829.357
MinimumVisualStudioVersion = 10.0.40219.1
Project("{FAE04EC0-301F-11D3-BF4B-00C04F79EFBC}") = "Coding_Challenge_One_Validation", "Coding_Challenge_One_Validation\Coding_Challenge_One_Validation.csproj", "{74BB0665-CFDA-4548-ADC3-EA45946392A9}"
EndProject
Global
	GlobalSection(SolutionConfigurationPlatforms) = preSolution
		Debug|Any CPU = Debug|Any CPU
		Release|Any CPU = Release|Any CPU
	EndGlobalSection
	GlobalSection(ProjectConfigurationPlatforms) = postSolution
		{74BB0665-CFDA-4548-ADC3-EA45946392A9}.Debug|Any CPU.ActiveCfg = Debug|Any CPU
		{74BB0665-CFDA-4548-ADC3-EA45946392A9}.Debug|Any CPU.Build.0 = Debug|Any CPU
		{74BB0665-CFDA-4548-ADC3-EA45946392A9}.Release|Any CPU.ActiveCfg = Release|Any CPU
		{74BB0665-CFDA-4548-ADC3-EA45946392A9}.Release|Any CPU.Build.0 = Release|Any CPU
	EndGlobalSection
	GlobalSection(SolutionProperties) = preSolution
		HideSolutionNode = FALSE
	EndGlobalSection
	GlobalSection(ExtensibilityGlobals) = postSolution
		SolutionGuid = {04F3FE50-BF9A-40DC-BE60-4D3EF62943AE}
	EndGlobalSection
EndGlobal
